// !$*UTF8*$!
{
	archiveVersion = 1;
	classes = {
	};
	objectVersion = 70;
	objects = {

/* Begin PBXBuildFile section */
		046A14D1AC2BDAFF172D502E /* GarminSleepRecord.swift in Sources */ = {isa = PBXBuildFile; fileRef = 8F3E4D6E33BA56D61EE4F52F /* GarminSleepRecord.swift */; };
		052DAF663F80FD384C899062 /* GarminParser.swift in Sources */ = {isa = PBXBuildFile; fileRef = 702FE9B8E1475531FA054696 /* GarminParser.swift */; };
		0AC9A3B129E79753C4210616 /* GarminDeviceFactory.swift in Sources */ = {isa = PBXBuildFile; fileRef = B93079C3E8BC1E9737197F10 /* GarminDeviceFactory.swift */; };
		1CF7E78B0B817CA58E552623 /* GarminImporter.swift in Sources */ = {isa = PBXBuildFile; fileRef = 30F2902BFC0F34BF1AD520E6 /* GarminImporter.swift */; };
		1D50BFCA2D1B1CDE008E4E84 /* ExceptionCatcher in Frameworks */ = {isa = PBXBuildFile; productRef = 1D50BFC92D1B1CDE008E4E84 /* ExceptionCatcher */; };
		1D91AB319064B8A383D81DC3 /* GarminDirectoryDiscovery.swift in Sources */ = {isa = PBXBuildFile; fileRef = 2423676DB2FC4CF3BE127169 /* GarminDirectoryDiscovery.swift */; };
		44415E23A252A07D41753EED /* SleepParser.swift in Sources */ = {isa = PBXBuildFile; fileRef = 6B3449F1A1382F30AF63F6C9 /* SleepParser.swift */; };
		4C7D60331FC178FC00BD7FC1 /* export.xml in Resources */ = {isa = PBXBuildFile; fileRef = 4C7D60321FC178FC00BD7FC1 /* export.xml */; };
		4C8B9FD31FB1D757007C2D4F /* AppDelegate.swift in Sources */ = {isa = PBXBuildFile; fileRef = 4C8B9FD21FB1D757007C2D4F /* AppDelegate.swift */; };
		4C8B9FD51FB1D757007C2D4F /* ViewController.swift in Sources */ = {isa = PBXBuildFile; fileRef = 4C8B9FD41FB1D757007C2D4F /* ViewController.swift */; };
		4C8B9FD81FB1D757007C2D4F /* Main.storyboard in Resources */ = {isa = PBXBuildFile; fileRef = 4C8B9FD61FB1D757007C2D4F /* Main.storyboard */; };
		4C8B9FDD1FB1D757007C2D4F /* Assets.xcassets in Resources */ = {isa = PBXBuildFile; fileRef = 4C8B9FDC1FB1D757007C2D4F /* Assets.xcassets */; };
		4C8B9FE01FB1D757007C2D4F /* LaunchScreen.storyboard in Resources */ = {isa = PBXBuildFile; fileRef = 4C8B9FDE1FB1D757007C2D4F /* LaunchScreen.storyboard */; };
		4C8BA0041FB1D921007C2D4F /* Importer.swift in Sources */ = {isa = PBXBuildFile; fileRef = 4C8BA0031FB1D921007C2D4F /* Importer.swift */; };
		4C8BA00A1FB1EA45007C2D4F /* HealthKit.framework in Frameworks */ = {isa = PBXBuildFile; fileRef = 4C8BA0091FB1EA45007C2D4F /* HealthKit.framework */; };
		4DFB0F17247DB00B00D61E7F /* HKWorkoutActivityType+Name.swift in Sources */ = {isa = PBXBuildFile; fileRef = 4DFB0F16247DB00B00D61E7F /* HKWorkoutActivityType+Name.swift */; };
		4DFB0F19247E164200D61E7F /* Constants.swift in Sources */ = {isa = PBXBuildFile; fileRef = 4DFB0F18247E164200D61E7F /* Constants.swift */; };
		50CE502748C320C6926646EE /* UDSParser.swift in Sources */ = {isa = PBXBuildFile; fileRef = 3C6C433CF1C38A3100AEBDC6 /* UDSParser.swift */; };
		6557A3F33102CE1943075BE1 /* ActivityParser.swift in Sources */ = {isa = PBXBuildFile; fileRef = 5004D96C8C2A0C9DDF25EF40 /* ActivityParser.swift */; };
		6BE10E7AFF99648FB4795B52 /* VO2MaxParser.swift in Sources */ = {isa = PBXBuildFile; fileRef = 5AEC4ED0B8188897038C5574 /* VO2MaxParser.swift */; };
		8501F1FB9A78496BD78F0E45 /* GarminHydrationRecord.swift in Sources */ = {isa = PBXBuildFile; fileRef = F853A1199B942744DE2B5365 /* GarminHydrationRecord.swift */; };
		85F66F7C738DED336F2DCF3B /* GarminTimestampParser.swift in Sources */ = {isa = PBXBuildFile; fileRef = 8FD6E6D67C1786162B5FBF27 /* GarminTimestampParser.swift */; };
		9169CC55009BFFB366529DD3 /* GarminVO2MaxRecord.swift in Sources */ = {isa = PBXBuildFile; fileRef = 467D8DE2AFB40CA06813B155 /* GarminVO2MaxRecord.swift */; };
		9AA03A5966BA2AE92FDC114F /* HealthStatusParser.swift in Sources */ = {isa = PBXBuildFile; fileRef = 3261AAC463DA7F7C5F026AC9 /* HealthStatusParser.swift */; };
		A1E9A81813279EF909D25E45 /* HydrationParser.swift in Sources */ = {isa = PBXBuildFile; fileRef = B9DE97638609595458C33807 /* HydrationParser.swift */; };
		AA0000012D000001008E4E84 /* DeviceStringParser.swift in Sources */ = {isa = PBXBuildFile; fileRef = AA0000002D000001008E4E84 /* DeviceStringParser.swift */; };
		C88A844803BACF7489E79470 /* GarminUDSRecord.swift in Sources */ = {isa = PBXBuildFile; fileRef = 9BCEFA026714AD00E87728CD /* GarminUDSRecord.swift */; };
		CB55C9BE1373C0925BF20849 /* GarminHealthStatusRecord.swift in Sources */ = {isa = PBXBuildFile; fileRef = 7129544988F7CF832DB4DD47 /* GarminHealthStatusRecord.swift */; };
		E6B98CADA9A07E2D385AB05A /* GarminActivityTypeMapper.swift in Sources */ = {isa = PBXBuildFile; fileRef = 6C5460380D397A912233430E /* GarminActivityTypeMapper.swift */; };
		E95F375A9F076B95D9D12072 /* GarminActivityRecord.swift in Sources */ = {isa = PBXBuildFile; fileRef = F95C62233F099294061513D0 /* GarminActivityRecord.swift */; };
		DC001A001A001A001A001A00 /* DI_CONNECT in Resources */ = {isa = PBXBuildFile; fileRef = DC001A001A001A001A001A01 /* DI_CONNECT */; };
/* End PBXBuildFile section */

/* Begin PBXContainerItemProxy section */
		1DBCE67C2D19D2EC00A18A24 /* PBXContainerItemProxy */ = {
			isa = PBXContainerItemProxy;
			containerPortal = 4C8B9FC71FB1D757007C2D4F /* Project object */;
			proxyType = 1;
			remoteGlobalIDString = 4C8B9FCE1FB1D757007C2D4F;
			remoteInfo = HKImport;
		};
/* End PBXContainerItemProxy section */

/* Begin PBXFileReference section */
		1DBCE6782D19D2EC00A18A24 /* HKImportTests.xctest */ = {isa = PBXFileReference; explicitFileType = wrapper.cfbundle; includeInIndex = 0; path = HKImportTests.xctest; sourceTree = BUILT_PRODUCTS_DIR; };
		2423676DB2FC4CF3BE127169 /* GarminDirectoryDiscovery.swift */ = {isa = PBXFileReference; includeInIndex = 1; lastKnownFileType = sourcecode.swift; path = GarminDirectoryDiscovery.swift; sourceTree = "<group>"; };
		30F2902BFC0F34BF1AD520E6 /* GarminImporter.swift */ = {isa = PBXFileReference; includeInIndex = 1; lastKnownFileType = sourcecode.swift; path = GarminImporter.swift; sourceTree = "<group>"; };
		3261AAC463DA7F7C5F026AC9 /* HealthStatusParser.swift */ = {isa = PBXFileReference; includeInIndex = 1; lastKnownFileType = sourcecode.swift; path = HealthStatusParser.swift; sourceTree = "<group>"; };
		3C6C433CF1C38A3100AEBDC6 /* UDSParser.swift */ = {isa = PBXFileReference; includeInIndex = 1; lastKnownFileType = sourcecode.swift; path = UDSParser.swift; sourceTree = "<group>"; };
		467D8DE2AFB40CA06813B155 /* GarminVO2MaxRecord.swift */ = {isa = PBXFileReference; includeInIndex = 1; lastKnownFileType = sourcecode.swift; path = GarminVO2MaxRecord.swift; sourceTree = "<group>"; };
		4C7D60321FC178FC00BD7FC1 /* export.xml */ = {isa = PBXFileReference; fileEncoding = 4; lastKnownFileType = text.xml; path = export.xml; sourceTree = "<group>"; };
		4C8B9FCF1FB1D757007C2D4F /* HKImport.app */ = {isa = PBXFileReference; explicitFileType = wrapper.application; includeInIndex = 0; path = HKImport.app; sourceTree = BUILT_PRODUCTS_DIR; };
		4C8B9FD21FB1D757007C2D4F /* AppDelegate.swift */ = {isa = PBXFileReference; lastKnownFileType = sourcecode.swift; path = AppDelegate.swift; sourceTree = "<group>"; };
		4C8B9FD41FB1D757007C2D4F /* ViewController.swift */ = {isa = PBXFileReference; lastKnownFileType = sourcecode.swift; path = ViewController.swift; sourceTree = "<group>"; };
		4C8B9FD71FB1D757007C2D4F /* Base */ = {isa = PBXFileReference; lastKnownFileType = file.storyboard; name = Base; path = Base.lproj/Main.storyboard; sourceTree = "<group>"; };
		4C8B9FDC1FB1D757007C2D4F /* Assets.xcassets */ = {isa = PBXFileReference; lastKnownFileType = folder.assetcatalog; path = Assets.xcassets; sourceTree = "<group>"; };
		4C8B9FDF1FB1D757007C2D4F /* Base */ = {isa = PBXFileReference; lastKnownFileType = file.storyboard; name = Base; path = Base.lproj/LaunchScreen.storyboard; sourceTree = "<group>"; };
		4C8B9FE11FB1D757007C2D4F /* Info.plist */ = {isa = PBXFileReference; lastKnownFileType = text.plist.xml; path = Info.plist; sourceTree = "<group>"; };
		4C8BA0031FB1D921007C2D4F /* Importer.swift */ = {isa = PBXFileReference; lastKnownFileType = sourcecode.swift; path = Importer.swift; sourceTree = "<group>"; };
		4C8BA0071FB1EA45007C2D4F /* HKImport.entitlements */ = {isa = PBXFileReference; lastKnownFileType = text.plist.entitlements; path = HKImport.entitlements; sourceTree = "<group>"; };
		4C8BA0091FB1EA45007C2D4F /* HealthKit.framework */ = {isa = PBXFileReference; lastKnownFileType = wrapper.framework; name = HealthKit.framework; path = System/Library/Frameworks/HealthKit.framework; sourceTree = SDKROOT; };
		4DFB0F16247DB00B00D61E7F /* HKWorkoutActivityType+Name.swift */ = {isa = PBXFileReference; fileEncoding = 4; lastKnownFileType = sourcecode.swift; path = "HKWorkoutActivityType+Name.swift"; sourceTree = "<group>"; };
		4DFB0F18247E164200D61E7F /* Constants.swift */ = {isa = PBXFileReference; lastKnownFileType = sourcecode.swift; path = Constants.swift; sourceTree = "<group>"; };
		5004D96C8C2A0C9DDF25EF40 /* ActivityParser.swift */ = {isa = PBXFileReference; includeInIndex = 1; lastKnownFileType = sourcecode.swift; path = ActivityParser.swift; sourceTree = "<group>"; };
		5AEC4ED0B8188897038C5574 /* VO2MaxParser.swift */ = {isa = PBXFileReference; includeInIndex = 1; lastKnownFileType = sourcecode.swift; path = VO2MaxParser.swift; sourceTree = "<group>"; };
		6B3449F1A1382F30AF63F6C9 /* SleepParser.swift */ = {isa = PBXFileReference; includeInIndex = 1; lastKnownFileType = sourcecode.swift; path = SleepParser.swift; sourceTree = "<group>"; };
		6C5460380D397A912233430E /* GarminActivityTypeMapper.swift */ = {isa = PBXFileReference; includeInIndex = 1; lastKnownFileType = sourcecode.swift; path = GarminActivityTypeMapper.swift; sourceTree = "<group>"; };
		702FE9B8E1475531FA054696 /* GarminParser.swift */ = {isa = PBXFileReference; includeInIndex = 1; lastKnownFileType = sourcecode.swift; path = GarminParser.swift; sourceTree = "<group>"; };
		7129544988F7CF832DB4DD47 /* GarminHealthStatusRecord.swift */ = {isa = PBXFileReference; includeInIndex = 1; lastKnownFileType = sourcecode.swift; path = GarminHealthStatusRecord.swift; sourceTree = "<group>"; };
		8F3E4D6E33BA56D61EE4F52F /* GarminSleepRecord.swift */ = {isa = PBXFileReference; includeInIndex = 1; lastKnownFileType = sourcecode.swift; path = GarminSleepRecord.swift; sourceTree = "<group>"; };
		8FD6E6D67C1786162B5FBF27 /* GarminTimestampParser.swift */ = {isa = PBXFileReference; includeInIndex = 1; lastKnownFileType = sourcecode.swift; path = GarminTimestampParser.swift; sourceTree = "<group>"; };
		9BCEFA026714AD00E87728CD /* GarminUDSRecord.swift */ = {isa = PBXFileReference; includeInIndex = 1; lastKnownFileType = sourcecode.swift; path = GarminUDSRecord.swift; sourceTree = "<group>"; };
		AA0000002D000001008E4E84 /* DeviceStringParser.swift */ = {isa = PBXFileReference; lastKnownFileType = sourcecode.swift; path = DeviceStringParser.swift; sourceTree = "<group>"; };
		B93079C3E8BC1E9737197F10 /* GarminDeviceFactory.swift */ = {isa = PBXFileReference; includeInIndex = 1; lastKnownFileType = sourcecode.swift; path = GarminDeviceFactory.swift; sourceTree = "<group>"; };
		B9DE97638609595458C33807 /* HydrationParser.swift */ = {isa = PBXFileReference; includeInIndex = 1; lastKnownFileType = sourcecode.swift; path = HydrationParser.swift; sourceTree = "<group>"; };
		F853A1199B942744DE2B5365 /* GarminHydrationRecord.swift */ = {isa = PBXFileReference; includeInIndex = 1; lastKnownFileType = sourcecode.swift; path = GarminHydrationRecord.swift; sourceTree = "<group>"; };
		F95C62233F099294061513D0 /* GarminActivityRecord.swift */ = {isa = PBXFileReference; includeInIndex = 1; lastKnownFileType = sourcecode.swift; path = GarminActivityRecord.swift; sourceTree = "<group>"; };
		DC001A001A001A001A001A01 /* DI_CONNECT */ = {isa = PBXFileReference; lastKnownFileType = folder; name = DI_CONNECT; path = "Data/32c64d34-fafa-45dc-9e69-e6275ced46f5_1/DI_CONNECT"; sourceTree = SOURCE_ROOT; };
/* End PBXFileReference section */

/* Begin PBXFileSystemSynchronizedRootGroup section */
		1DBCE6792D19D2EC00A18A24 /* HKImportTests */ = {
			isa = PBXFileSystemSynchronizedRootGroup;
			exceptions = (
			);
			explicitFileTypes = {
			};
			explicitFolders = (
			);
			path = HKImportTests;
			sourceTree = "<group>";
		};
/* End PBXFileSystemSynchronizedRootGroup section */

/* Begin PBXFrameworksBuildPhase section */
		1DBCE6752D19D2EC00A18A24 /* Frameworks */ = {
			isa = PBXFrameworksBuildPhase;
			buildActionMask = 2147483647;
			files = (
			);
			runOnlyForDeploymentPostprocessing = 0;
		};
		4C8B9FCC1FB1D757007C2D4F /* Frameworks */ = {
			isa = PBXFrameworksBuildPhase;
			buildActionMask = 2147483647;
			files = (
				4C8BA00A1FB1EA45007C2D4F /* HealthKit.framework in Frameworks */,
				1D50BFCA2D1B1CDE008E4E84 /* ExceptionCatcher in Frameworks */,
			);
			runOnlyForDeploymentPostprocessing = 0;
		};
/* End PBXFrameworksBuildPhase section */

/* Begin PBXGroup section */
		4C8B9FC61FB1D757007C2D4F = {
			isa = PBXGroup;
			children = (
				4C8B9FD11FB1D757007C2D4F /* HKImport */,
				4D280C19247B80D500D9162E /* Data */,
				1DBCE6792D19D2EC00A18A24 /* HKImportTests */,
				4C8B9FD01FB1D757007C2D4F /* Products */,
				4C8BA0081FB1EA45007C2D4F /* Frameworks */,
			);
			sourceTree = "<group>";
		};
		4C8B9FD01FB1D757007C2D4F /* Products */ = {
			isa = PBXGroup;
			children = (
				4C8B9FCF1FB1D757007C2D4F /* HKImport.app */,
				1DBCE6782D19D2EC00A18A24 /* HKImportTests.xctest */,
			);
			name = Products;
			sourceTree = "<group>";
		};
		4C8B9FD11FB1D757007C2D4F /* HKImport */ = {
			isa = PBXGroup;
			children = (
				4C8B9FD21FB1D757007C2D4F /* AppDelegate.swift */,
				4C8B9FDC1FB1D757007C2D4F /* Assets.xcassets */,
				4DFB0F18247E164200D61E7F /* Constants.swift */,
				AA0000002D000001008E4E84 /* DeviceStringParser.swift */,
				4C8BA0071FB1EA45007C2D4F /* HKImport.entitlements */,
				4DFB0F16247DB00B00D61E7F /* HKWorkoutActivityType+Name.swift */,
				4C8BA0031FB1D921007C2D4F /* Importer.swift */,
				4C8B9FE11FB1D757007C2D4F /* Info.plist */,
				4C8B9FDE1FB1D757007C2D4F /* LaunchScreen.storyboard */,
				4C8B9FD61FB1D757007C2D4F /* Main.storyboard */,
				4C8B9FD41FB1D757007C2D4F /* ViewController.swift */,
				F5039646181B8DAD50676B39 /* GarminConnect */,
			);
			path = HKImport;
			sourceTree = "<group>";
		};
		4C8BA0081FB1EA45007C2D4F /* Frameworks */ = {
			isa = PBXGroup;
			children = (
				4C8BA0091FB1EA45007C2D4F /* HealthKit.framework */,
			);
			name = Frameworks;
			sourceTree = "<group>";
		};
		4D280C19247B80D500D9162E /* Data */ = {
			isa = PBXGroup;
			children = (
				4C7D60321FC178FC00BD7FC1 /* export.xml */,
				DC001A001A001A001A001A01 /* DI_CONNECT */,
			);
			path = Data;
			sourceTree = "<group>";
		};
		6428DB83AC35D8C5978508B2 /* Models */ = {
			isa = PBXGroup;
			children = (
				9BCEFA026714AD00E87728CD /* GarminUDSRecord.swift */,
				8F3E4D6E33BA56D61EE4F52F /* GarminSleepRecord.swift */,
				7129544988F7CF832DB4DD47 /* GarminHealthStatusRecord.swift */,
				467D8DE2AFB40CA06813B155 /* GarminVO2MaxRecord.swift */,
				F95C62233F099294061513D0 /* GarminActivityRecord.swift */,
				F853A1199B942744DE2B5365 /* GarminHydrationRecord.swift */,
			);
			name = Models;
			path = Models;
			sourceTree = "<group>";
		};
		7EEF8538B2EE318EB489EE54 /* Parsers */ = {
			isa = PBXGroup;
			children = (
				702FE9B8E1475531FA054696 /* GarminParser.swift */,
				3C6C433CF1C38A3100AEBDC6 /* UDSParser.swift */,
				6B3449F1A1382F30AF63F6C9 /* SleepParser.swift */,
				3261AAC463DA7F7C5F026AC9 /* HealthStatusParser.swift */,
				5AEC4ED0B8188897038C5574 /* VO2MaxParser.swift */,
				5004D96C8C2A0C9DDF25EF40 /* ActivityParser.swift */,
				B9DE97638609595458C33807 /* HydrationParser.swift */,
			);
			name = Parsers;
			path = Parsers;
			sourceTree = "<group>";
		};
		F5039646181B8DAD50676B39 /* GarminConnect */ = {
			isa = PBXGroup;
			children = (
				6428DB83AC35D8C5978508B2 /* Models */,
				7EEF8538B2EE318EB489EE54 /* Parsers */,
				30F2902BFC0F34BF1AD520E6 /* GarminImporter.swift */,
				2423676DB2FC4CF3BE127169 /* GarminDirectoryDiscovery.swift */,
				8FD6E6D67C1786162B5FBF27 /* GarminTimestampParser.swift */,
				B93079C3E8BC1E9737197F10 /* GarminDeviceFactory.swift */,
				6C5460380D397A912233430E /* GarminActivityTypeMapper.swift */,
			);
			name = GarminConnect;
			path = GarminConnect;
			sourceTree = "<group>";
		};
/* End PBXGroup section */

/* Begin PBXNativeTarget section */
		1DBCE6772D19D2EC00A18A24 /* HKImportTests */ = {
			isa = PBXNativeTarget;
			buildConfigurationList = 1DBCE6802D19D2EC00A18A24 /* Build configuration list for PBXNativeTarget "HKImportTests" */;
			buildPhases = (
				1DBCE6742D19D2EC00A18A24 /* Sources */,
				1DBCE6752D19D2EC00A18A24 /* Frameworks */,
				1DBCE6762D19D2EC00A18A24 /* Resources */,
			);
			buildRules = (
			);
			dependencies = (
				1DBCE67D2D19D2EC00A18A24 /* PBXTargetDependency */,
			);
			fileSystemSynchronizedGroups = (
				1DBCE6792D19D2EC00A18A24 /* HKImportTests */,
			);
			name = HKImportTests;
			productName = HKImportTests;
			productReference = 1DBCE6782D19D2EC00A18A24 /* HKImportTests.xctest */;
			productType = "com.apple.product-type.bundle.unit-test";
		};
		4C8B9FCE1FB1D757007C2D4F /* HKImport */ = {
			isa = PBXNativeTarget;
			buildConfigurationList = 4C8B9FFA1FB1D757007C2D4F /* Build configuration list for PBXNativeTarget "HKImport" */;
			buildPhases = (
				4C8B9FCB1FB1D757007C2D4F /* Sources */,
				4C8B9FCC1FB1D757007C2D4F /* Frameworks */,
				4C8B9FCD1FB1D757007C2D4F /* Resources */,
				4D280C18247B7A2200D9162E /* ShellScript */,
			);
			buildRules = (
			);
			dependencies = (
			);
			name = HKImport;
			productName = HealthKitImporter;
			productReference = 4C8B9FCF1FB1D757007C2D4F /* HKImport.app */;
			productType = "com.apple.product-type.application";
		};
/* End PBXNativeTarget section */

/* Begin PBXProject section */
		4C8B9FC71FB1D757007C2D4F /* Project object */ = {
			isa = PBXProject;
			attributes = {
				BuildIndependentTargetsInParallel = YES;
				LastSwiftUpdateCheck = 1610;
				LastUpgradeCheck = 1620;
				ORGANIZATIONNAME = "boaz saragossi";
				TargetAttributes = {
					1DBCE6772D19D2EC00A18A24 = {
						CreatedOnToolsVersion = 16.1;
						TestTargetID = 4C8B9FCE1FB1D757007C2D4F;
					};
					4C8B9FCE1FB1D757007C2D4F = {
						CreatedOnToolsVersion = 9.0;
						LastSwiftMigration = 1150;
						ProvisioningStyle = Automatic;
						SystemCapabilities = {
							com.apple.HealthKit = {
								enabled = 1;
							};
						};
					};
				};
			};
			buildConfigurationList = 4C8B9FCA1FB1D757007C2D4F /* Build configuration list for PBXProject "HKImport" */;
			compatibilityVersion = "Xcode 8.0";
			developmentRegion = en;
			hasScannedForEncodings = 0;
			knownRegions = (
				en,
				Base,
			);
			mainGroup = 4C8B9FC61FB1D757007C2D4F;
			packageReferences = (
				1D50BFC82D1B1CDE008E4E84 /* XCRemoteSwiftPackageReference "ExceptionCatcher" */,
			);
			productRefGroup = 4C8B9FD01FB1D757007C2D4F /* Products */;
			projectDirPath = "";
			projectRoot = "";
			targets = (
				4C8B9FCE1FB1D757007C2D4F /* HKImport */,
				1DBCE6772D19D2EC00A18A24 /* HKImportTests */,
			);
		};
/* End PBXProject section */

/* Begin PBXResourcesBuildPhase section */
		1DBCE6762D19D2EC00A18A24 /* Resources */ = {
			isa = PBXResourcesBuildPhase;
			buildActionMask = 2147483647;
			files = (
			);
			runOnlyForDeploymentPostprocessing = 0;
		};
		4C8B9FCD1FB1D757007C2D4F /* Resources */ = {
			isa = PBXResourcesBuildPhase;
			buildActionMask = 2147483647;
			files = (
				4C8B9FE01FB1D757007C2D4F /* LaunchScreen.storyboard in Resources */,
				4C8B9FDD1FB1D757007C2D4F /* Assets.xcassets in Resources */,
				4C8B9FD81FB1D757007C2D4F /* Main.storyboard in Resources */,
				4C7D60331FC178FC00BD7FC1 /* export.xml in Resources */,
				DC001A001A001A001A001A00 /* DI_CONNECT in Resources */,
			);
			runOnlyForDeploymentPostprocessing = 0;
		};
/* End PBXResourcesBuildPhase section */

/* Begin PBXShellScriptBuildPhase section */
		4D280C18247B7A2200D9162E /* ShellScript */ = {
			isa = PBXShellScriptBuildPhase;
			alwaysOutOfDate = 1;
			buildActionMask = 2147483647;
			files = (
			);
			inputFileListPaths = (
			);
			inputPaths = (
			);
			outputFileListPaths = (
			);
			outputPaths = (
			);
			runOnlyForDeploymentPostprocessing = 0;
			shellPath = /bin/sh;
			shellScript = "PATH=\"/opt/homebrew/bin:/usr/local/bin:$PATH\"\nSWIFTLINT=$(command -v swiftlint)\nif [ -n \"$SWIFTLINT\" ]; then\n  \"$SWIFTLINT\"\nelse\n  echo \"warning: SwiftLint not installed, skipping linting\"\nfi\n";
		};
/* End PBXShellScriptBuildPhase section */

/* Begin PBXSourcesBuildPhase section */
		1DBCE6742D19D2EC00A18A24 /* Sources */ = {
			isa = PBXSourcesBuildPhase;
			buildActionMask = 2147483647;
			files = (
			);
			runOnlyForDeploymentPostprocessing = 0;
		};
		4C8B9FCB1FB1D757007C2D4F /* Sources */ = {
			isa = PBXSourcesBuildPhase;
			buildActionMask = 2147483647;
			files = (
				4DFB0F19247E164200D61E7F /* Constants.swift in Sources */,
				AA0000012D000001008E4E84 /* DeviceStringParser.swift in Sources */,
				4DFB0F17247DB00B00D61E7F /* HKWorkoutActivityType+Name.swift in Sources */,
				4C8BA0041FB1D921007C2D4F /* Importer.swift in Sources */,
				4C8B9FD51FB1D757007C2D4F /* ViewController.swift in Sources */,
				4C8B9FD31FB1D757007C2D4F /* AppDelegate.swift in Sources */,
				1CF7E78B0B817CA58E552623 /* GarminImporter.swift in Sources */,
				1D91AB319064B8A383D81DC3 /* GarminDirectoryDiscovery.swift in Sources */,
				85F66F7C738DED336F2DCF3B /* GarminTimestampParser.swift in Sources */,
				0AC9A3B129E79753C4210616 /* GarminDeviceFactory.swift in Sources */,
				E6B98CADA9A07E2D385AB05A /* GarminActivityTypeMapper.swift in Sources */,
				C88A844803BACF7489E79470 /* GarminUDSRecord.swift in Sources */,
				046A14D1AC2BDAFF172D502E /* GarminSleepRecord.swift in Sources */,
				CB55C9BE1373C0925BF20849 /* GarminHealthStatusRecord.swift in Sources */,
				9169CC55009BFFB366529DD3 /* GarminVO2MaxRecord.swift in Sources */,
				E95F375A9F076B95D9D12072 /* GarminActivityRecord.swift in Sources */,
				8501F1FB9A78496BD78F0E45 /* GarminHydrationRecord.swift in Sources */,
				052DAF663F80FD384C899062 /* GarminParser.swift in Sources */,
				50CE502748C320C6926646EE /* UDSParser.swift in Sources */,
				44415E23A252A07D41753EED /* SleepParser.swift in Sources */,
				9AA03A5966BA2AE92FDC114F /* HealthStatusParser.swift in Sources */,
				6BE10E7AFF99648FB4795B52 /* VO2MaxParser.swift in Sources */,
				6557A3F33102CE1943075BE1 /* ActivityParser.swift in Sources */,
				A1E9A81813279EF909D25E45 /* HydrationParser.swift in Sources */,
			);
			runOnlyForDeploymentPostprocessing = 0;
		};
/* End PBXSourcesBuildPhase section */

/* Begin PBXTargetDependency section */
		1DBCE67D2D19D2EC00A18A24 /* PBXTargetDependency */ = {
			isa = PBXTargetDependency;
			target = 4C8B9FCE1FB1D757007C2D4F /* HKImport */;
			targetProxy = 1DBCE67C2D19D2EC00A18A24 /* PBXContainerItemProxy */;
		};
/* End PBXTargetDependency section */

/* Begin PBXVariantGroup section */
		4C8B9FD61FB1D757007C2D4F /* Main.storyboard */ = {
			isa = PBXVariantGroup;
			children = (
				4C8B9FD71FB1D757007C2D4F /* Base */,
			);
			name = Main.storyboard;
			sourceTree = "<group>";
		};
		4C8B9FDE1FB1D757007C2D4F /* LaunchScreen.storyboard */ = {
			isa = PBXVariantGroup;
			children = (
				4C8B9FDF1FB1D757007C2D4F /* Base */,
			);
			name = LaunchScreen.storyboard;
			sourceTree = "<group>";
		};
/* End PBXVariantGroup section */

/* Begin XCBuildConfiguration section */
		1DBCE67E2D19D2EC00A18A24 /* Debug */ = {
			isa = XCBuildConfiguration;
			buildSettings = {
				ASSETCATALOG_COMPILER_GENERATE_SWIFT_ASSET_SYMBOL_EXTENSIONS = YES;
				BUNDLE_LOADER = "$(TEST_HOST)";
				CLANG_CXX_LANGUAGE_STANDARD = "gnu++20";
				CLANG_ENABLE_OBJC_WEAK = YES;
				CODE_SIGN_STYLE = Automatic;
				CURRENT_PROJECT_VERSION = 1;
				ENABLE_USER_SCRIPT_SANDBOXING = YES;
				GCC_C_LANGUAGE_STANDARD = gnu17;
				GENERATE_INFOPLIST_FILE = YES;
				IPHONEOS_DEPLOYMENT_TARGET = 18.0;
				LOCALIZATION_PREFERS_STRING_CATALOGS = YES;
				MARKETING_VERSION = 1.0;
				MTL_ENABLE_DEBUG_INFO = INCLUDE_SOURCE;
				MTL_FAST_MATH = YES;
				PRODUCT_BUNDLE_IDENTIFIER = io.entire.hkimporttests;
				PRODUCT_NAME = "$(TARGET_NAME)";
				SWIFT_ACTIVE_COMPILATION_CONDITIONS = "DEBUG $(inherited)";
				SWIFT_EMIT_LOC_STRINGS = NO;
				SWIFT_VERSION = 5.0;
				TARGETED_DEVICE_FAMILY = "1,2";
				TEST_HOST = "$(BUILT_PRODUCTS_DIR)/HKImport.app/$(BUNDLE_EXECUTABLE_FOLDER_PATH)/HKImport";
			};
			name = Debug;
		};
		1DBCE67F2D19D2EC00A18A24 /* Release */ = {
			isa = XCBuildConfiguration;
			buildSettings = {
				ASSETCATALOG_COMPILER_GENERATE_SWIFT_ASSET_SYMBOL_EXTENSIONS = YES;
				BUNDLE_LOADER = "$(TEST_HOST)";
				CLANG_CXX_LANGUAGE_STANDARD = "gnu++20";
				CLANG_ENABLE_OBJC_WEAK = YES;
				CODE_SIGN_STYLE = Automatic;
				CURRENT_PROJECT_VERSION = 1;
				ENABLE_USER_SCRIPT_SANDBOXING = YES;
				GCC_C_LANGUAGE_STANDARD = gnu17;
				GENERATE_INFOPLIST_FILE = YES;
				IPHONEOS_DEPLOYMENT_TARGET = 18.0;
				LOCALIZATION_PREFERS_STRING_CATALOGS = YES;
				MARKETING_VERSION = 1.0;
				MTL_FAST_MATH = YES;
				PRODUCT_BUNDLE_IDENTIFIER = io.entire.hkimporttests;
				PRODUCT_NAME = "$(TARGET_NAME)";
				SWIFT_EMIT_LOC_STRINGS = NO;
				SWIFT_VERSION = 5.0;
				TARGETED_DEVICE_FAMILY = "1,2";
				TEST_HOST = "$(BUILT_PRODUCTS_DIR)/HKImport.app/$(BUNDLE_EXECUTABLE_FOLDER_PATH)/HKImport";
			};
			name = Release;
		};
		4C8B9FF81FB1D757007C2D4F /* Debug */ = {
			isa = XCBuildConfiguration;
			buildSettings = {
				ALWAYS_SEARCH_USER_PATHS = NO;
				CLANG_ANALYZER_NONNULL = YES;
				CLANG_ANALYZER_NUMBER_OBJECT_CONVERSION = YES_AGGRESSIVE;
				CLANG_CXX_LANGUAGE_STANDARD = "gnu++14";
				CLANG_CXX_LIBRARY = "libc++";
				CLANG_ENABLE_MODULES = YES;
				CLANG_ENABLE_OBJC_ARC = YES;
				CLANG_WARN_BLOCK_CAPTURE_AUTORELEASING = YES;
				CLANG_WARN_BOOL_CONVERSION = YES;
				CLANG_WARN_COMMA = YES;
				CLANG_WARN_CONSTANT_CONVERSION = YES;
				CLANG_WARN_DEPRECATED_OBJC_IMPLEMENTATIONS = YES;
				CLANG_WARN_DIRECT_OBJC_ISA_USAGE = YES_ERROR;
				CLANG_WARN_DOCUMENTATION_COMMENTS = YES;
				CLANG_WARN_EMPTY_BODY = YES;
				CLANG_WARN_ENUM_CONVERSION = YES;
				CLANG_WARN_INFINITE_RECURSION = YES;
				CLANG_WARN_INT_CONVERSION = YES;
				CLANG_WARN_NON_LITERAL_NULL_CONVERSION = YES;
				CLANG_WARN_OBJC_IMPLICIT_RETAIN_SELF = YES;
				CLANG_WARN_OBJC_LITERAL_CONVERSION = YES;
				CLANG_WARN_OBJC_ROOT_CLASS = YES_ERROR;
				CLANG_WARN_QUOTED_INCLUDE_IN_FRAMEWORK_HEADER = YES;
				CLANG_WARN_RANGE_LOOP_ANALYSIS = YES;
				CLANG_WARN_STRICT_PROTOTYPES = YES;
				CLANG_WARN_SUSPICIOUS_MOVE = YES;
				CLANG_WARN_UNGUARDED_AVAILABILITY = YES_AGGRESSIVE;
				CLANG_WARN_UNREACHABLE_CODE = YES;
				CLANG_WARN__DUPLICATE_METHOD_MATCH = YES;
				CODE_SIGN_IDENTITY = "iPhone Developer";
				COPY_PHASE_STRIP = NO;
				DEBUG_INFORMATION_FORMAT = dwarf;
				ENABLE_STRICT_OBJC_MSGSEND = YES;
				ENABLE_TESTABILITY = YES;
				GCC_C_LANGUAGE_STANDARD = gnu11;
				GCC_DYNAMIC_NO_PIC = NO;
				GCC_NO_COMMON_BLOCKS = YES;
				GCC_OPTIMIZATION_LEVEL = 0;
				GCC_PREPROCESSOR_DEFINITIONS = (
					"DEBUG=1",
					"$(inherited)",
				);
				GCC_WARN_64_TO_32_BIT_CONVERSION = YES;
				GCC_WARN_ABOUT_RETURN_TYPE = YES_ERROR;
				GCC_WARN_UNDECLARED_SELECTOR = YES;
				GCC_WARN_UNINITIALIZED_AUTOS = YES_AGGRESSIVE;
				GCC_WARN_UNUSED_FUNCTION = YES;
				GCC_WARN_UNUSED_VARIABLE = YES;
				IPHONEOS_DEPLOYMENT_TARGET = 12.0;
				MTL_ENABLE_DEBUG_INFO = YES;
				ONLY_ACTIVE_ARCH = YES;
				SDKROOT = iphoneos;
				SWIFT_ACTIVE_COMPILATION_CONDITIONS = DEBUG;
				SWIFT_OPTIMIZATION_LEVEL = "-Onone";
			};
			name = Debug;
		};
		4C8B9FF91FB1D757007C2D4F /* Release */ = {
			isa = XCBuildConfiguration;
			buildSettings = {
				ALWAYS_SEARCH_USER_PATHS = NO;
				CLANG_ANALYZER_NONNULL = YES;
				CLANG_ANALYZER_NUMBER_OBJECT_CONVERSION = YES_AGGRESSIVE;
				CLANG_CXX_LANGUAGE_STANDARD = "gnu++14";
				CLANG_CXX_LIBRARY = "libc++";
				CLANG_ENABLE_MODULES = YES;
				CLANG_ENABLE_OBJC_ARC = YES;
				CLANG_WARN_BLOCK_CAPTURE_AUTORELEASING = YES;
				CLANG_WARN_BOOL_CONVERSION = YES;
				CLANG_WARN_COMMA = YES;
				CLANG_WARN_CONSTANT_CONVERSION = YES;
				CLANG_WARN_DEPRECATED_OBJC_IMPLEMENTATIONS = YES;
				CLANG_WARN_DIRECT_OBJC_ISA_USAGE = YES_ERROR;
				CLANG_WARN_DOCUMENTATION_COMMENTS = YES;
				CLANG_WARN_EMPTY_BODY = YES;
				CLANG_WARN_ENUM_CONVERSION = YES;
				CLANG_WARN_INFINITE_RECURSION = YES;
				CLANG_WARN_INT_CONVERSION = YES;
				CLANG_WARN_NON_LITERAL_NULL_CONVERSION = YES;
				CLANG_WARN_OBJC_IMPLICIT_RETAIN_SELF = YES;
				CLANG_WARN_OBJC_LITERAL_CONVERSION = YES;
				CLANG_WARN_OBJC_ROOT_CLASS = YES_ERROR;
				CLANG_WARN_QUOTED_INCLUDE_IN_FRAMEWORK_HEADER = YES;
				CLANG_WARN_RANGE_LOOP_ANALYSIS = YES;
				CLANG_WARN_STRICT_PROTOTYPES = YES;
				CLANG_WARN_SUSPICIOUS_MOVE = YES;
				CLANG_WARN_UNGUARDED_AVAILABILITY = YES_AGGRESSIVE;
				CLANG_WARN_UNREACHABLE_CODE = YES;
				CLANG_WARN__DUPLICATE_METHOD_MATCH = YES;
				CODE_SIGN_IDENTITY = "iPhone Developer";
				COPY_PHASE_STRIP = NO;
				DEBUG_INFORMATION_FORMAT = "dwarf-with-dsym";
				ENABLE_NS_ASSERTIONS = NO;
				ENABLE_STRICT_OBJC_MSGSEND = YES;
				GCC_C_LANGUAGE_STANDARD = gnu11;
				GCC_NO_COMMON_BLOCKS = YES;
				GCC_WARN_64_TO_32_BIT_CONVERSION = YES;
				GCC_WARN_ABOUT_RETURN_TYPE = YES_ERROR;
				GCC_WARN_UNDECLARED_SELECTOR = YES;
				GCC_WARN_UNINITIALIZED_AUTOS = YES_AGGRESSIVE;
				GCC_WARN_UNUSED_FUNCTION = YES;
				GCC_WARN_UNUSED_VARIABLE = YES;
				IPHONEOS_DEPLOYMENT_TARGET = 12.0;
				MTL_ENABLE_DEBUG_INFO = NO;
				SDKROOT = iphoneos;
				SWIFT_COMPILATION_MODE = wholemodule;
				SWIFT_OPTIMIZATION_LEVEL = "-O";
				VALIDATE_PRODUCT = YES;
			};
			name = Release;
		};
		4C8B9FFB1FB1D757007C2D4F /* Debug */ = {
			isa = XCBuildConfiguration;
			buildSettings = {
				ASSETCATALOG_COMPILER_APPICON_NAME = AppIcon;
				CODE_SIGN_ENTITLEMENTS = HKImport/HKImport.entitlements;
				CODE_SIGN_STYLE = Automatic;
				DEVELOPMENT_TEAM = Q25LVLEHFB;
				INFOPLIST_FILE = HKImport/Info.plist;
				LD_RUNPATH_SEARCH_PATHS = (
					"$(inherited)",
					"@executable_path/Frameworks",
				);
				PRODUCT_BUNDLE_IDENTIFIER = io.entire.hkimport;
				PRODUCT_NAME = HKImport;
				SWIFT_VERSION = 5.0;
				TARGETED_DEVICE_FAMILY = 1;
			};
			name = Debug;
		};
		4C8B9FFC1FB1D757007C2D4F /* Release */ = {
			isa = XCBuildConfiguration;
			buildSettings = {
				ASSETCATALOG_COMPILER_APPICON_NAME = AppIcon;
				CODE_SIGN_ENTITLEMENTS = HKImport/HKImport.entitlements;
				CODE_SIGN_STYLE = Automatic;
				DEVELOPMENT_TEAM = Q25LVLEHFB;
				INFOPLIST_FILE = HKImport/Info.plist;
				LD_RUNPATH_SEARCH_PATHS = (
					"$(inherited)",
					"@executable_path/Frameworks",
				);
				PRODUCT_BUNDLE_IDENTIFIER = io.entire.hkimport;
				PRODUCT_NAME = HKImport;
				SWIFT_VERSION = 5.0;
				TARGETED_DEVICE_FAMILY = 1;
			};
			name = Release;
		};
/* End XCBuildConfiguration section */

/* Begin XCConfigurationList section */
		1DBCE6802D19D2EC00A18A24 /* Build configuration list for PBXNativeTarget "HKImportTests" */ = {
			isa = XCConfigurationList;
			buildConfigurations = (
				1DBCE67E2D19D2EC00A18A24 /* Debug */,
				1DBCE67F2D19D2EC00A18A24 /* Release */,
			);
			defaultConfigurationIsVisible = 0;
			defaultConfigurationName = Release;
		};
		4C8B9FCA1FB1D757007C2D4F /* Build configuration list for PBXProject "HKImport" */ = {
			isa = XCConfigurationList;
			buildConfigurations = (
				4C8B9FF81FB1D757007C2D4F /* Debug */,
				4C8B9FF91FB1D757007C2D4F /* Release */,
			);
			defaultConfigurationIsVisible = 0;
			defaultConfigurationName = Release;
		};
		4C8B9FFA1FB1D757007C2D4F /* Build configuration list for PBXNativeTarget "HKImport" */ = {
			isa = XCConfigurationList;
			buildConfigurations = (
				4C8B9FFB1FB1D757007C2D4F /* Debug */,
				4C8B9FFC1FB1D757007C2D4F /* Release */,
			);
			defaultConfigurationIsVisible = 0;
			defaultConfigurationName = Release;
		};
/* End XCConfigurationList section */

/* Begin XCRemoteSwiftPackageReference section */
		1D50BFC82D1B1CDE008E4E84 /* XCRemoteSwiftPackageReference "ExceptionCatcher" */ = {
			isa = XCRemoteSwiftPackageReference;
			repositoryURL = "https://github.com/sindresorhus/ExceptionCatcher";
			requirement = {
				kind = upToNextMajorVersion;
				minimumVersion = 2.0.0;
			};
		};
/* End XCRemoteSwiftPackageReference section */

/* Begin XCSwiftPackageProductDependency section */
		1D50BFC92D1B1CDE008E4E84 /* ExceptionCatcher */ = {
			isa = XCSwiftPackageProductDependency;
			package = 1D50BFC82D1B1CDE008E4E84 /* XCRemoteSwiftPackageReference "ExceptionCatcher" */;
			productName = ExceptionCatcher;
		};
/* End XCSwiftPackageProductDependency section */
	};
	rootObject = 4C8B9FC71FB1D757007C2D4F /* Project object */;
}
